
Microsoft Visual Studio Solution File, Format Version 12.00
# Visual Studio 15
VisualStudioVersion = 15.0.27130.2010
MinimumVisualStudioVersion = 10.0.40219.1
Project("{FAE04EC0-301F-11D3-BF4B-00C04F79EFBC}") = "JsonTraining", "Blah\JsonTraining.csproj", "{49A25DE1-DC73-4BCA-A2D3-50ECA0390B99}"
EndProject
Project("{FAE04EC0-301F-11D3-BF4B-00C04F79EFBC}") = "Json.Test", "Test\Json.Test.csproj", "{EF1C6424-1F04-4DCC-AD85-C34A07558D7A}"
EndProject
Global
	GlobalSection(SolutionConfigurationPlatforms) = preSolution
		Debug|Any CPU = Debug|Any CPU
		Release|Any CPU = Release|Any CPU
	EndGlobalSection
	GlobalSection(ProjectConfigurationPlatforms) = postSolution
		{49A25DE1-DC73-4BCA-A2D3-50ECA0390B99}.Debug|Any CPU.ActiveCfg = Debug|Any CPU
		{49A25DE1-DC73-4BCA-A2D3-50ECA0390B99}.Debug|Any CPU.Build.0 = Debug|Any CPU
		{49A25DE1-DC73-4BCA-A2D3-50ECA0390B99}.Release|Any CPU.ActiveCfg = Release|Any CPU
		{49A25DE1-DC73-4BCA-A2D3-50ECA0390B99}.Release|Any CPU.Build.0 = Release|Any CPU
		{EF1C6424-1F04-4DCC-AD85-C34A07558D7A}.Debug|Any CPU.ActiveCfg = Debug|Any CPU
		{EF1C6424-1F04-4DCC-AD85-C34A07558D7A}.Debug|Any CPU.Build.0 = Debug|Any CPU
		{EF1C6424-1F04-4DCC-AD85-C34A07558D7A}.Release|Any CPU.ActiveCfg = Release|Any CPU
		{EF1C6424-1F04-4DCC-AD85-C34A07558D7A}.Release|Any CPU.Build.0 = Release|Any CPU
	EndGlobalSection
	GlobalSection(SolutionProperties) = preSolution
		HideSolutionNode = FALSE
	EndGlobalSection
	GlobalSection(ExtensibilityGlobals) = postSolution
		SolutionGuid = {D0FF3610-2FEE-4D08-A0A6-7B2A746C8275}
	EndGlobalSection
EndGlobal
